// !$*UTF8*$!
{
	archiveVersion = 1;
	classes = {
	};
	objectVersion = 56;
	objects = {

/* Begin PBXBuildFile section */
		F148A9242C1B6E1B0030E32D /* PredatorDetail.swift in Sources */ = {isa = PBXBuildFile; fileRef = F148A9232C1B6E1B0030E32D /* PredatorDetail.swift */; };
		F148A9262C1B8C270030E32D /* PredatorMap.swift in Sources */ = {isa = PBXBuildFile; fileRef = F148A9252C1B8C270030E32D /* PredatorMap.swift */; };
		F148A92C2C1B94990030E32D /* Stickers.xcassets in Resources */ = {isa = PBXBuildFile; fileRef = F148A92B2C1B94990030E32D /* Stickers.xcassets */; };
		F148A9302C1B94990030E32D /* DinoStickers.appex in Embed Foundation Extensions */ = {isa = PBXBuildFile; fileRef = F148A9292C1B94980030E32D /* DinoStickers.appex */; settings = {ATTRIBUTES = (RemoveHeadersOnCopy, ); }; };
		F1B9A7A72C18D69F00DFA1F8 /* JPApexPredators17App.swift in Sources */ = {isa = PBXBuildFile; fileRef = F1B9A7A62C18D69F00DFA1F8 /* JPApexPredators17App.swift */; };
		F1B9A7A92C18D69F00DFA1F8 /* ContentView.swift in Sources */ = {isa = PBXBuildFile; fileRef = F1B9A7A82C18D69F00DFA1F8 /* ContentView.swift */; };
		F1B9A7AB2C18D6A000DFA1F8 /* Assets.xcassets in Resources */ = {isa = PBXBuildFile; fileRef = F1B9A7AA2C18D6A000DFA1F8 /* Assets.xcassets */; };
		F1B9A7AE2C18D6A000DFA1F8 /* Preview Assets.xcassets in Resources */ = {isa = PBXBuildFile; fileRef = F1B9A7AD2C18D6A000DFA1F8 /* Preview Assets.xcassets */; };
		F1B9A7B52C18D72100DFA1F8 /* jpapexpredators.json in Resources */ = {isa = PBXBuildFile; fileRef = F1B9A7B42C18D72100DFA1F8 /* jpapexpredators.json */; };
		F1B9A7B72C18D8BF00DFA1F8 /* Predator.swift in Sources */ = {isa = PBXBuildFile; fileRef = F1B9A7B62C18D8BF00DFA1F8 /* Predator.swift */; };
		F1B9A7B92C18E29400DFA1F8 /* DecodedPredators.swift in Sources */ = {isa = PBXBuildFile; fileRef = F1B9A7B82C18E29400DFA1F8 /* DecodedPredators.swift */; };
/* End PBXBuildFile section */

/* Begin PBXContainerItemProxy section */
		F148A92E2C1B94990030E32D /* PBXContainerItemProxy */ = {
			isa = PBXContainerItemProxy;
			containerPortal = F1B9A79B2C18D69F00DFA1F8 /* Project object */;
			proxyType = 1;
			remoteGlobalIDString = F148A9282C1B94980030E32D;
			remoteInfo = DinoStickers;
		};
/* End PBXContainerItemProxy section */

/* Begin PBXCopyFilesBuildPhase section */
		F148A9342C1B94990030E32D /* Embed Foundation Extensions */ = {
			isa = PBXCopyFilesBuildPhase;
			buildActionMask = 2147483647;
			dstPath = "";
			dstSubfolderSpec = 13;
			files = (
				F148A9302C1B94990030E32D /* DinoStickers.appex in Embed Foundation Extensions */,
			);
			name = "Embed Foundation Extensions";
			runOnlyForDeploymentPostprocessing = 0;
		};
/* End PBXCopyFilesBuildPhase section */

/* Begin PBXFileReference section */
		F148A9232C1B6E1B0030E32D /* PredatorDetail.swift */ = {isa = PBXFileReference; lastKnownFileType = sourcecode.swift; path = PredatorDetail.swift; sourceTree = "<group>"; };
		F148A9252C1B8C270030E32D /* PredatorMap.swift */ = {isa = PBXFileReference; lastKnownFileType = sourcecode.swift; path = PredatorMap.swift; sourceTree = "<group>"; };
		F148A9292C1B94980030E32D /* DinoStickers.appex */ = {isa = PBXFileReference; explicitFileType = "wrapper.app-extension"; includeInIndex = 0; path = DinoStickers.appex; sourceTree = BUILT_PRODUCTS_DIR; };
		F148A92B2C1B94990030E32D /* Stickers.xcassets */ = {isa = PBXFileReference; lastKnownFileType = folder.assetcatalog; path = Stickers.xcassets; sourceTree = "<group>"; };
		F148A92D2C1B94990030E32D /* Info.plist */ = {isa = PBXFileReference; lastKnownFileType = text.plist.xml; path = Info.plist; sourceTree = "<group>"; };
		F1B9A7A32C18D69F00DFA1F8 /* JPApexPredators17.app */ = {isa = PBXFileReference; explicitFileType = wrapper.application; includeInIndex = 0; path = JPApexPredators17.app; sourceTree = BUILT_PRODUCTS_DIR; };
		F1B9A7A62C18D69F00DFA1F8 /* JPApexPredators17App.swift */ = {isa = PBXFileReference; lastKnownFileType = sourcecode.swift; path = JPApexPredators17App.swift; sourceTree = "<group>"; };
		F1B9A7A82C18D69F00DFA1F8 /* ContentView.swift */ = {isa = PBXFileReference; lastKnownFileType = sourcecode.swift; path = ContentView.swift; sourceTree = "<group>"; };
		F1B9A7AA2C18D6A000DFA1F8 /* Assets.xcassets */ = {isa = PBXFileReference; lastKnownFileType = folder.assetcatalog; path = Assets.xcassets; sourceTree = "<group>"; };
		F1B9A7AD2C18D6A000DFA1F8 /* Preview Assets.xcassets */ = {isa = PBXFileReference; lastKnownFileType = folder.assetcatalog; path = "Preview Assets.xcassets"; sourceTree = "<group>"; };
		F1B9A7B42C18D72100DFA1F8 /* jpapexpredators.json */ = {isa = PBXFileReference; fileEncoding = 4; lastKnownFileType = text.json; path = jpapexpredators.json; sourceTree = "<group>"; };
		F1B9A7B62C18D8BF00DFA1F8 /* Predator.swift */ = {isa = PBXFileReference; lastKnownFileType = sourcecode.swift; path = Predator.swift; sourceTree = "<group>"; };
		F1B9A7B82C18E29400DFA1F8 /* DecodedPredators.swift */ = {isa = PBXFileReference; lastKnownFileType = sourcecode.swift; path = DecodedPredators.swift; sourceTree = "<group>"; };
/* End PBXFileReference section */

/* Begin PBXFrameworksBuildPhase section */
		F1B9A7A02C18D69F00DFA1F8 /* Frameworks */ = {
			isa = PBXFrameworksBuildPhase;
			buildActionMask = 2147483647;
			files = (
			);
			runOnlyForDeploymentPostprocessing = 0;
		};
/* End PBXFrameworksBuildPhase section */

/* Begin PBXGroup section */
		F148A92A2C1B94980030E32D /* DinoStickers */ = {
			isa = PBXGroup;
			children = (
				F148A92B2C1B94990030E32D /* Stickers.xcassets */,
				F148A92D2C1B94990030E32D /* Info.plist */,
			);
			path = DinoStickers;
			sourceTree = "<group>";
		};
		F1B9A79A2C18D69F00DFA1F8 = {
			isa = PBXGroup;
			children = (
				F1B9A7A52C18D69F00DFA1F8 /* JPApexPredators17 */,
				F148A92A2C1B94980030E32D /* DinoStickers */,
				F1B9A7A42C18D69F00DFA1F8 /* Products */,
			);
			sourceTree = "<group>";
		};
		F1B9A7A42C18D69F00DFA1F8 /* Products */ = {
			isa = PBXGroup;
			children = (
				F1B9A7A32C18D69F00DFA1F8 /* JPApexPredators17.app */,
				F148A9292C1B94980030E32D /* DinoStickers.appex */,
			);
			name = Products;
			sourceTree = "<group>";
		};
		F1B9A7A52C18D69F00DFA1F8 /* JPApexPredators17 */ = {
			isa = PBXGroup;
			children = (
				F1B9A7A62C18D69F00DFA1F8 /* JPApexPredators17App.swift */,
				F1B9A7A82C18D69F00DFA1F8 /* ContentView.swift */,
				F148A9232C1B6E1B0030E32D /* PredatorDetail.swift */,
				F148A9252C1B8C270030E32D /* PredatorMap.swift */,
				F1B9A7B62C18D8BF00DFA1F8 /* Predator.swift */,
				F1B9A7B82C18E29400DFA1F8 /* DecodedPredators.swift */,
				F1B9A7B42C18D72100DFA1F8 /* jpapexpredators.json */,
				F1B9A7AA2C18D6A000DFA1F8 /* Assets.xcassets */,
				F1B9A7AC2C18D6A000DFA1F8 /* Preview Content */,
			);
			path = JPApexPredators17;
			sourceTree = "<group>";
		};
		F1B9A7AC2C18D6A000DFA1F8 /* Preview Content */ = {
			isa = PBXGroup;
			children = (
				F1B9A7AD2C18D6A000DFA1F8 /* Preview Assets.xcassets */,
			);
			path = "Preview Content";
			sourceTree = "<group>";
		};
/* End PBXGroup section */

/* Begin PBXNativeTarget section */
		F148A9282C1B94980030E32D /* DinoStickers */ = {
			isa = PBXNativeTarget;
			buildConfigurationList = F148A9312C1B94990030E32D /* Build configuration list for PBXNativeTarget "DinoStickers" */;
			buildPhases = (
				F148A9272C1B94980030E32D /* Resources */,
			);
			buildRules = (
			);
			dependencies = (
			);
			name = DinoStickers;
			productName = DinoStickers;
			productReference = F148A9292C1B94980030E32D /* DinoStickers.appex */;
			productType = "com.apple.product-type.app-extension.messages-sticker-pack";
		};
		F1B9A7A22C18D69F00DFA1F8 /* JPApexPredators17 */ = {
			isa = PBXNativeTarget;
			buildConfigurationList = F1B9A7B12C18D6A000DFA1F8 /* Build configuration list for PBXNativeTarget "JPApexPredators17" */;
			buildPhases = (
				F1B9A79F2C18D69F00DFA1F8 /* Sources */,
				F1B9A7A02C18D69F00DFA1F8 /* Frameworks */,
				F1B9A7A12C18D69F00DFA1F8 /* Resources */,
				F148A9342C1B94990030E32D /* Embed Foundation Extensions */,
			);
			buildRules = (
			);
			dependencies = (
				F148A92F2C1B94990030E32D /* PBXTargetDependency */,
			);
			name = JPApexPredators17;
			productName = JPApexPredators17;
			productReference = F1B9A7A32C18D69F00DFA1F8 /* JPApexPredators17.app */;
			productType = "com.apple.product-type.application";
		};
/* End PBXNativeTarget section */

/* Begin PBXProject section */
		F1B9A79B2C18D69F00DFA1F8 /* Project object */ = {
			isa = PBXProject;
			attributes = {
				BuildIndependentTargetsInParallel = 1;
				LastSwiftUpdateCheck = 1540;
				LastUpgradeCheck = 1540;
				TargetAttributes = {
					F148A9282C1B94980030E32D = {
						CreatedOnToolsVersion = 15.4;
					};
					F1B9A7A22C18D69F00DFA1F8 = {
						CreatedOnToolsVersion = 15.4;
					};
				};
			};
			buildConfigurationList = F1B9A79E2C18D69F00DFA1F8 /* Build configuration list for PBXProject "JPApexPredators17" */;
			compatibilityVersion = "Xcode 14.0";
			developmentRegion = en;
			hasScannedForEncodings = 0;
			knownRegions = (
				en,
				Base,
			);
			mainGroup = F1B9A79A2C18D69F00DFA1F8;
			productRefGroup = F1B9A7A42C18D69F00DFA1F8 /* Products */;
			projectDirPath = "";
			projectRoot = "";
			targets = (
				F1B9A7A22C18D69F00DFA1F8 /* JPApexPredators17 */,
				F148A9282C1B94980030E32D /* DinoStickers */,
			);
		};
/* End PBXProject section */

/* Begin PBXResourcesBuildPhase section */
		F148A9272C1B94980030E32D /* Resources */ = {
			isa = PBXResourcesBuildPhase;
			buildActionMask = 2147483647;
			files = (
				F148A92C2C1B94990030E32D /* Stickers.xcassets in Resources */,
			);
			runOnlyForDeploymentPostprocessing = 0;
		};
		F1B9A7A12C18D69F00DFA1F8 /* Resources */ = {
			isa = PBXResourcesBuildPhase;
			buildActionMask = 2147483647;
			files = (
				F1B9A7AE2C18D6A000DFA1F8 /* Preview Assets.xcassets in Resources */,
				F1B9A7AB2C18D6A000DFA1F8 /* Assets.xcassets in Resources */,
				F1B9A7B52C18D72100DFA1F8 /* jpapexpredators.json in Resources */,
			);
			runOnlyForDeploymentPostprocessing = 0;
		};
/* End PBXResourcesBuildPhase section */

/* Begin PBXSourcesBuildPhase section */
		F1B9A79F2C18D69F00DFA1F8 /* Sources */ = {
			isa = PBXSourcesBuildPhase;
			buildActionMask = 2147483647;
			files = (
				F1B9A7B72C18D8BF00DFA1F8 /* Predator.swift in Sources */,
				F148A9262C1B8C270030E32D /* PredatorMap.swift in Sources */,
				F1B9A7B92C18E29400DFA1F8 /* DecodedPredators.swift in Sources */,
				F148A9242C1B6E1B0030E32D /* PredatorDetail.swift in Sources */,
				F1B9A7A92C18D69F00DFA1F8 /* ContentView.swift in Sources */,
				F1B9A7A72C18D69F00DFA1F8 /* JPApexPredators17App.swift in Sources */,
			);
			runOnlyForDeploymentPostprocessing = 0;
		};
/* End PBXSourcesBuildPhase section */

/* Begin PBXTargetDependency section */
		F148A92F2C1B94990030E32D /* PBXTargetDependency */ = {
			isa = PBXTargetDependency;
			target = F148A9282C1B94980030E32D /* DinoStickers */;
			targetProxy = F148A92E2C1B94990030E32D /* PBXContainerItemProxy */;
		};
/* End PBXTargetDependency section */

/* Begin XCBuildConfiguration section */
		F148A9322C1B94990030E32D /* Debug */ = {
			isa = XCBuildConfiguration;
			buildSettings = {
				ASSETCATALOG_COMPILER_APPICON_NAME = "iMessage App Icon";
				CODE_SIGN_STYLE = Automatic;
				CURRENT_PROJECT_VERSION = 1;
				DEVELOPMENT_TEAM = Z92223APBP;
				GENERATE_INFOPLIST_FILE = YES;
				INFOPLIST_FILE = DinoStickers/Info.plist;
				INFOPLIST_KEY_NSStickerSharingLevel = OS;
				MARKETING_VERSION = 1.0;
				PRODUCT_BUNDLE_IDENTIFIER = com.morgynkass.JPApexPredators17.DinoStickers;
				PRODUCT_NAME = "$(TARGET_NAME)";
				SKIP_INSTALL = YES;
				SWIFT_EMIT_LOC_STRINGS = YES;
				TARGETED_DEVICE_FAMILY = "1,2";
			};
			name = Debug;
		};
		F148A9332C1B94990030E32D /* Release */ = {
			isa = XCBuildConfiguration;
			buildSettings = {
				ASSETCATALOG_COMPILER_APPICON_NAME = "iMessage App Icon";
				CODE_SIGN_STYLE = Automatic;
				CURRENT_PROJECT_VERSION = 1;
				DEVELOPMENT_TEAM = Z92223APBP;
				GENERATE_INFOPLIST_FILE = YES;
				INFOPLIST_FILE = DinoStickers/Info.plist;
				INFOPLIST_KEY_NSStickerSharingLevel = OS;
				MARKETING_VERSION = 1.0;
				PRODUCT_BUNDLE_IDENTIFIER = com.morgynkass.JPApexPredators17.DinoStickers;
				PRODUCT_NAME = "$(TARGET_NAME)";
				SKIP_INSTALL = YES;
				SWIFT_EMIT_LOC_STRINGS = YES;
				TARGETED_DEVICE_FAMILY = "1,2";
			};
			name = Release;
		};
		F1B9A7AF2C18D6A000DFA1F8 /* Debug */ = {
			isa = XCBuildConfiguration;
			buildSettings = {
				ALWAYS_SEARCH_USER_PATHS = NO;
				ASSETCATALOG_COMPILER_GENERATE_SWIFT_ASSET_SYMBOL_EXTENSIONS = YES;
				CLANG_ANALYZER_NONNULL = YES;
				CLANG_ANALYZER_NUMBER_OBJECT_CONVERSION = YES_AGGRESSIVE;
				CLANG_CXX_LANGUAGE_STANDARD = "gnu++20";
				CLANG_ENABLE_MODULES = YES;
				CLANG_ENABLE_OBJC_ARC = YES;
				CLANG_ENABLE_OBJC_WEAK = YES;
				CLANG_WARN_BLOCK_CAPTURE_AUTORELEASING = YES;
				CLANG_WARN_BOOL_CONVERSION = YES;
				CLANG_WARN_COMMA = YES;
				CLANG_WARN_CONSTANT_CONVERSION = YES;
				CLANG_WARN_DEPRECATED_OBJC_IMPLEMENTATIONS = YES;
				CLANG_WARN_DIRECT_OBJC_ISA_USAGE = YES_ERROR;
				CLANG_WARN_DOCUMENTATION_COMMENTS = YES;
				CLANG_WARN_EMPTY_BODY = YES;
				CLANG_WARN_ENUM_CONVERSION = YES;
				CLANG_WARN_INFINITE_RECURSION = YES;
				CLANG_WARN_INT_CONVERSION = YES;
				CLANG_WARN_NON_LITERAL_NULL_CONVERSION = YES;
				CLANG_WARN_OBJC_IMPLICIT_RETAIN_SELF = YES;
				CLANG_WARN_OBJC_LITERAL_CONVERSION = YES;
				CLANG_WARN_OBJC_ROOT_CLASS = YES_ERROR;
				CLANG_WARN_QUOTED_INCLUDE_IN_FRAMEWORK_HEADER = YES;
				CLANG_WARN_RANGE_LOOP_ANALYSIS = YES;
				CLANG_WARN_STRICT_PROTOTYPES = YES;
				CLANG_WARN_SUSPICIOUS_MOVE = YES;
				CLANG_WARN_UNGUARDED_AVAILABILITY = YES_AGGRESSIVE;
				CLANG_WARN_UNREACHABLE_CODE = YES;
				CLANG_WARN__DUPLICATE_METHOD_MATCH = YES;
				COPY_PHASE_STRIP = NO;
				DEBUG_INFORMATION_FORMAT = dwarf;
				ENABLE_STRICT_OBJC_MSGSEND = YES;
				ENABLE_TESTABILITY = YES;
				ENABLE_USER_SCRIPT_SANDBOXING = YES;
				GCC_C_LANGUAGE_STANDARD = gnu17;
				GCC_DYNAMIC_NO_PIC = NO;
				GCC_NO_COMMON_BLOCKS = YES;
				GCC_OPTIMIZATION_LEVEL = 0;
				GCC_PREPROCESSOR_DEFINITIONS = (
					"DEBUG=1",
					"$(inherited)",
				);
				GCC_WARN_64_TO_32_BIT_CONVERSION = YES;
				GCC_WARN_ABOUT_RETURN_TYPE = YES_ERROR;
				GCC_WARN_UNDECLARED_SELECTOR = YES;
				GCC_WARN_UNINITIALIZED_AUTOS = YES_AGGRESSIVE;
				GCC_WARN_UNUSED_FUNCTION = YES;
				GCC_WARN_UNUSED_VARIABLE = YES;
				IPHONEOS_DEPLOYMENT_TARGET = 17.5;
				LOCALIZATION_PREFERS_STRING_CATALOGS = YES;
				MTL_ENABLE_DEBUG_INFO = INCLUDE_SOURCE;
				MTL_FAST_MATH = YES;
				ONLY_ACTIVE_ARCH = YES;
				SDKROOT = iphoneos;
				SWIFT_ACTIVE_COMPILATION_CONDITIONS = "DEBUG $(inherited)";
				SWIFT_OPTIMIZATION_LEVEL = "-Onone";
			};
			name = Debug;
		};
		F1B9A7B02C18D6A000DFA1F8 /* Release */ = {
			isa = XCBuildConfiguration;
			buildSettings = {
				ALWAYS_SEARCH_USER_PATHS = NO;
				ASSETCATALOG_COMPILER_GENERATE_SWIFT_ASSET_SYMBOL_EXTENSIONS = YES;
				CLANG_ANALYZER_NONNULL = YES;
				CLANG_ANALYZER_NUMBER_OBJECT_CONVERSION = YES_AGGRESSIVE;
				CLANG_CXX_LANGUAGE_STANDARD = "gnu++20";
				CLANG_ENABLE_MODULES = YES;
				CLANG_ENABLE_OBJC_ARC = YES;
				CLANG_ENABLE_OBJC_WEAK = YES;
				CLANG_WARN_BLOCK_CAPTURE_AUTORELEASING = YES;
				CLANG_WARN_BOOL_CONVERSION = YES;
				CLANG_WARN_COMMA = YES;
				CLANG_WARN_CONSTANT_CONVERSION = YES;
				CLANG_WARN_DEPRECATED_OBJC_IMPLEMENTATIONS = YES;
				CLANG_WARN_DIRECT_OBJC_ISA_USAGE = YES_ERROR;
				CLANG_WARN_DOCUMENTATION_COMMENTS = YES;
				CLANG_WARN_EMPTY_BODY = YES;
				CLANG_WARN_ENUM_CONVERSION = YES;
				CLANG_WARN_INFINITE_RECURSION = YES;
				CLANG_WARN_INT_CONVERSION = YES;
				CLANG_WARN_NON_LITERAL_NULL_CONVERSION = YES;
				CLANG_WARN_OBJC_IMPLICIT_RETAIN_SELF = YES;
				CLANG_WARN_OBJC_LITERAL_CONVERSION = YES;
				CLANG_WARN_OBJC_ROOT_CLASS = YES_ERROR;
				CLANG_WARN_QUOTED_INCLUDE_IN_FRAMEWORK_HEADER = YES;
				CLANG_WARN_RANGE_LOOP_ANALYSIS = YES;
				CLANG_WARN_STRICT_PROTOTYPES = YES;
				CLANG_WARN_SUSPICIOUS_MOVE = YES;
				CLANG_WARN_UNGUARDED_AVAILABILITY = YES_AGGRESSIVE;
				CLANG_WARN_UNREACHABLE_CODE = YES;
				CLANG_WARN__DUPLICATE_METHOD_MATCH = YES;
				COPY_PHASE_STRIP = NO;
				DEBUG_INFORMATION_FORMAT = "dwarf-with-dsym";
				ENABLE_NS_ASSERTIONS = NO;
				ENABLE_STRICT_OBJC_MSGSEND = YES;
				ENABLE_USER_SCRIPT_SANDBOXING = YES;
				GCC_C_LANGUAGE_STANDARD = gnu17;
				GCC_NO_COMMON_BLOCKS = YES;
				GCC_WARN_64_TO_32_BIT_CONVERSION = YES;
				GCC_WARN_ABOUT_RETURN_TYPE = YES_ERROR;
				GCC_WARN_UNDECLARED_SELECTOR = YES;
				GCC_WARN_UNINITIALIZED_AUTOS = YES_AGGRESSIVE;
				GCC_WARN_UNUSED_FUNCTION = YES;
				GCC_WARN_UNUSED_VARIABLE = YES;
				IPHONEOS_DEPLOYMENT_TARGET = 17.5;
				LOCALIZATION_PREFERS_STRING_CATALOGS = YES;
				MTL_ENABLE_DEBUG_INFO = NO;
				MTL_FAST_MATH = YES;
				SDKROOT = iphoneos;
				SWIFT_COMPILATION_MODE = wholemodule;
				VALIDATE_PRODUCT = YES;
			};
			name = Release;
		};
		F1B9A7B22C18D6A000DFA1F8 /* Debug */ = {
			isa = XCBuildConfiguration;
			buildSettings = {
				ASSETCATALOG_COMPILER_APPICON_NAME = AppIcon;
				ASSETCATALOG_COMPILER_GLOBAL_ACCENT_COLOR_NAME = AccentColor;
				CODE_SIGN_STYLE = Automatic;
				CURRENT_PROJECT_VERSION = 1;
				DEVELOPMENT_ASSET_PATHS = "\"JPApexPredators17/Preview Content\"";
				DEVELOPMENT_TEAM = Z92223APBP;
				ENABLE_PREVIEWS = YES;
				GENERATE_INFOPLIST_FILE = YES;
				INFOPLIST_KEY_UIApplicationSceneManifest_Generation = YES;
				INFOPLIST_KEY_UIApplicationSupportsIndirectInputEvents = YES;
				INFOPLIST_KEY_UILaunchScreen_Generation = YES;
				INFOPLIST_KEY_UISupportedInterfaceOrientations_iPad = "UIInterfaceOrientationPortrait UIInterfaceOrientationPortraitUpsideDown UIInterfaceOrientationLandscapeLeft UIInterfaceOrientationLandscapeRight";
				INFOPLIST_KEY_UISupportedInterfaceOrientations_iPhone = "UIInterfaceOrientationPortrait UIInterfaceOrientationLandscapeLeft UIInterfaceOrientationLandscapeRight";
				LD_RUNPATH_SEARCH_PATHS = (
					"$(inherited)",
					"@executable_path/Frameworks",
				);
				MARKETING_VERSION = 1.0;
				PRODUCT_BUNDLE_IDENTIFIER = com.morgynkass.JPApexPredators17;
				PRODUCT_NAME = "$(TARGET_NAME)";
				SWIFT_EMIT_LOC_STRINGS = YES;
				SWIFT_VERSION = 5.0;
				TARGETED_DEVICE_FAMILY = "1,2";
			};
			name = Debug;
		};
		F1B9A7B32C18D6A000DFA1F8 /* Release */ = {
			isa = XCBuildConfiguration;
			buildSettings = {
				ASSETCATALOG_COMPILER_APPICON_NAME = AppIcon;
				ASSETCATALOG_COMPILER_GLOBAL_ACCENT_COLOR_NAME = AccentColor;
				CODE_SIGN_STYLE = Automatic;
				CURRENT_PROJECT_VERSION = 1;
				DEVELOPMENT_ASSET_PATHS = "\"JPApexPredators17/Preview Content\"";
				DEVELOPMENT_TEAM = Z92223APBP;
				ENABLE_PREVIEWS = YES;
				GENERATE_INFOPLIST_FILE = YES;
				INFOPLIST_KEY_UIApplicationSceneManifest_Generation = YES;
				INFOPLIST_KEY_UIApplicationSupportsIndirectInputEvents = YES;
				INFOPLIST_KEY_UILaunchScreen_Generation = YES;
				INFOPLIST_KEY_UISupportedInterfaceOrientations_iPad = "UIInterfaceOrientationPortrait UIInterfaceOrientationPortraitUpsideDown UIInterfaceOrientationLandscapeLeft UIInterfaceOrientationLandscapeRight";
				INFOPLIST_KEY_UISupportedInterfaceOrientations_iPhone = "UIInterfaceOrientationPortrait UIInterfaceOrientationLandscapeLeft UIInterfaceOrientationLandscapeRight";
				LD_RUNPATH_SEARCH_PATHS = (
					"$(inherited)",
					"@executable_path/Frameworks",
				);
				MARKETING_VERSION = 1.0;
				PRODUCT_BUNDLE_IDENTIFIER = com.morgynkass.JPApexPredators17;
				PRODUCT_NAME = "$(TARGET_NAME)";
				SWIFT_EMIT_LOC_STRINGS = YES;
				SWIFT_VERSION = 5.0;
				TARGETED_DEVICE_FAMILY = "1,2";
			};
			name = Release;
		};
/* End XCBuildConfiguration section */

/* Begin XCConfigurationList section */
		F148A9312C1B94990030E32D /* Build configuration list for PBXNativeTarget "DinoStickers" */ = {
			isa = XCConfigurationList;
			buildConfigurations = (
				F148A9322C1B94990030E32D /* Debug */,
				F148A9332C1B94990030E32D /* Release */,
			);
			defaultConfigurationIsVisible = 0;
			defaultConfigurationName = Release;
		};
		F1B9A79E2C18D69F00DFA1F8 /* Build configuration list for PBXProject "JPApexPredators17" */ = {
			isa = XCConfigurationList;
			buildConfigurations = (
				F1B9A7AF2C18D6A000DFA1F8 /* Debug */,
				F1B9A7B02C18D6A000DFA1F8 /* Release */,
			);
			defaultConfigurationIsVisible = 0;
			defaultConfigurationName = Release;
		};
		F1B9A7B12C18D6A000DFA1F8 /* Build configuration list for PBXNativeTarget "JPApexPredators17" */ = {
			isa = XCConfigurationList;
			buildConfigurations = (
				F1B9A7B22C18D6A000DFA1F8 /* Debug */,
				F1B9A7B32C18D6A000DFA1F8 /* Release */,
			);
			defaultConfigurationIsVisible = 0;
			defaultConfigurationName = Release;
		};
/* End XCConfigurationList section */
	};
	rootObject = F1B9A79B2C18D69F00DFA1F8 /* Project object */;
}
